
Microsoft Visual Studio Solution File, Format Version 12.00
# Visual Studio Version 17
VisualStudioVersion = 17.6.33829.357
MinimumVisualStudioVersion = 10.0.40219.1
Project("{2150E333-8FDC-42A3-9474-1A3956D46DE8}") = "ShopManagement", "ShopManagement", "{8E202093-B891-44CB-92E2-C7E6BA0898D4}"
EndProject
Project("{2150E333-8FDC-42A3-9474-1A3956D46DE8}") = "SM.Domain", "SM.Domain", "{EF8C5E9D-FB1E-42E0-AAE2-8DAD821CD3E4}"
EndProject
Project("{9A19103F-16F7-4668-BE54-9A1E7A4F7556}") = "ShopManagement.Domain", "ShopManagement.Domain\ShopManagement.Domain.csproj", "{C3E372F2-0D90-446D-8B46-A03169F19B2B}"
EndProject
Project("{9A19103F-16F7-4668-BE54-9A1E7A4F7556}") = "0_Framework", "0_Framework\0_Framework.csproj", "{B493DAE6-DB71-4D15-B342-CFD0F73522DF}"
EndProject
Project("{2150E333-8FDC-42A3-9474-1A3956D46DE8}") = "SM.Application", "SM.Application", "{22A449F5-AED5-4024-B8DD-9232BDF5AE6E}"
EndProject
Project("{9A19103F-16F7-4668-BE54-9A1E7A4F7556}") = "ShopManagement.Application.Contracts", "ShopManagement.Application.Contracts\ShopManagement.Application.Contracts.csproj", "{EF9A2293-ED61-4BF0-AD99-FA973E892C0C}"
EndProject
Project("{9A19103F-16F7-4668-BE54-9A1E7A4F7556}") = "ShopManagement.Application", "ShopManagement.Application\ShopManagement.Application.csproj", "{62CAEB50-47AF-41A6-851F-7848F1ABF0A3}"
EndProject
Project("{2150E333-8FDC-42A3-9474-1A3956D46DE8}") = "SM.Infrastructure", "SM.Infrastructure", "{A1FB68C9-D9B2-4BC0-9855-3F29FDA3153D}"
EndProject
Project("{9A19103F-16F7-4668-BE54-9A1E7A4F7556}") = "ShopManagement.Infrastructure.EFCore", "ShopManagement.Infrastructure.EFCore\ShopManagement.Infrastructure.EFCore.csproj", "{EE3B8528-7B37-4C2C-BB66-3276F92C37E0}"
EndProject
Project("{9A19103F-16F7-4668-BE54-9A1E7A4F7556}") = "ShopManagement.Configuration", "ShopManagement.Configuration\ShopManagement.Configuration.csproj", "{83980350-928D-4FE4-A61B-7DACFE00DDF4}"
EndProject
Project("{9A19103F-16F7-4668-BE54-9A1E7A4F7556}") = "ServiceHost", "ServiceHost\ServiceHost.csproj", "{7848B896-770E-409A-9082-397E27E8CB74}"
EndProject
Project("{9A19103F-16F7-4668-BE54-9A1E7A4F7556}") = "_01_MasaiQuery", "MasaiQuery\_01_MasaiQuery.csproj", "{1CDD131E-D1BB-4FC0-87C3-CB001F54C8F3}"
EndProject
Project("{2150E333-8FDC-42A3-9474-1A3956D46DE8}") = "DiscountManagement", "DiscountManagement", "{4B6E7186-A62D-4008-B55B-6399ED90194B}"
EndProject
Project("{2150E333-8FDC-42A3-9474-1A3956D46DE8}") = "DM.Domain", "DM.Domain", "{E413BD3D-4089-4E92-90F6-04FB36FAA790}"
EndProject
Project("{FAE04EC0-301F-11D3-BF4B-00C04F79EFBC}") = "DiscountManagement.Domain", "DiscountManagement.Domain\DiscountManagement.Domain.csproj", "{7406AE9A-C1D6-4371-BA81-07F6EACDD0FA}"
EndProject
Project("{2150E333-8FDC-42A3-9474-1A3956D46DE8}") = "DM.Application", "DM.Application", "{F635E28B-E6BA-4B25-ABD7-012D20C7876F}"
EndProject
Project("{FAE04EC0-301F-11D3-BF4B-00C04F79EFBC}") = "DiscountManagement.Application.Contract", "DiscountManagement.Application.Contract\DiscountManagement.Application.Contract.csproj", "{1A1E2934-2037-4DB3-BCC4-742AA65C1546}"
EndProject
Project("{FAE04EC0-301F-11D3-BF4B-00C04F79EFBC}") = "DiscountManagement.Application", "DiscountManagement.Application\DiscountManagement.Application.csproj", "{320D9B59-294D-447F-89F6-2607B534618B}"
EndProject
Project("{2150E333-8FDC-42A3-9474-1A3956D46DE8}") = "DM.Infrastructure", "DM.Infrastructure", "{A4DF2559-4051-4A5F-B585-9CE1D6488F9B}"
EndProject
Project("{FAE04EC0-301F-11D3-BF4B-00C04F79EFBC}") = "DiscountManagement.Infrastructure.EFCore", "DiscountManagement.Infrastructure.EFCore\DiscountManagement.Infrastructure.EFCore.csproj", "{24E7A50B-DFEE-47B1-9E6C-7227B995ADB9}"
EndProject
Global
	GlobalSection(SolutionConfigurationPlatforms) = preSolution
		Debug|Any CPU = Debug|Any CPU
		Release|Any CPU = Release|Any CPU
	EndGlobalSection
	GlobalSection(ProjectConfigurationPlatforms) = postSolution
		{C3E372F2-0D90-446D-8B46-A03169F19B2B}.Debug|Any CPU.ActiveCfg = Debug|Any CPU
		{C3E372F2-0D90-446D-8B46-A03169F19B2B}.Debug|Any CPU.Build.0 = Debug|Any CPU
		{C3E372F2-0D90-446D-8B46-A03169F19B2B}.Release|Any CPU.ActiveCfg = Release|Any CPU
		{C3E372F2-0D90-446D-8B46-A03169F19B2B}.Release|Any CPU.Build.0 = Release|Any CPU
		{B493DAE6-DB71-4D15-B342-CFD0F73522DF}.Debug|Any CPU.ActiveCfg = Debug|Any CPU
		{B493DAE6-DB71-4D15-B342-CFD0F73522DF}.Debug|Any CPU.Build.0 = Debug|Any CPU
		{B493DAE6-DB71-4D15-B342-CFD0F73522DF}.Release|Any CPU.ActiveCfg = Release|Any CPU
		{B493DAE6-DB71-4D15-B342-CFD0F73522DF}.Release|Any CPU.Build.0 = Release|Any CPU
		{EF9A2293-ED61-4BF0-AD99-FA973E892C0C}.Debug|Any CPU.ActiveCfg = Debug|Any CPU
		{EF9A2293-ED61-4BF0-AD99-FA973E892C0C}.Debug|Any CPU.Build.0 = Debug|Any CPU
		{EF9A2293-ED61-4BF0-AD99-FA973E892C0C}.Release|Any CPU.ActiveCfg = Release|Any CPU
		{EF9A2293-ED61-4BF0-AD99-FA973E892C0C}.Release|Any CPU.Build.0 = Release|Any CPU
		{62CAEB50-47AF-41A6-851F-7848F1ABF0A3}.Debug|Any CPU.ActiveCfg = Debug|Any CPU
		{62CAEB50-47AF-41A6-851F-7848F1ABF0A3}.Debug|Any CPU.Build.0 = Debug|Any CPU
		{62CAEB50-47AF-41A6-851F-7848F1ABF0A3}.Release|Any CPU.ActiveCfg = Release|Any CPU
		{62CAEB50-47AF-41A6-851F-7848F1ABF0A3}.Release|Any CPU.Build.0 = Release|Any CPU
		{EE3B8528-7B37-4C2C-BB66-3276F92C37E0}.Debug|Any CPU.ActiveCfg = Debug|Any CPU
		{EE3B8528-7B37-4C2C-BB66-3276F92C37E0}.Debug|Any CPU.Build.0 = Debug|Any CPU
		{EE3B8528-7B37-4C2C-BB66-3276F92C37E0}.Release|Any CPU.ActiveCfg = Release|Any CPU
		{EE3B8528-7B37-4C2C-BB66-3276F92C37E0}.Release|Any CPU.Build.0 = Release|Any CPU
		{83980350-928D-4FE4-A61B-7DACFE00DDF4}.Debug|Any CPU.ActiveCfg = Debug|Any CPU
		{83980350-928D-4FE4-A61B-7DACFE00DDF4}.Debug|Any CPU.Build.0 = Debug|Any CPU
		{83980350-928D-4FE4-A61B-7DACFE00DDF4}.Release|Any CPU.ActiveCfg = Release|Any CPU
		{83980350-928D-4FE4-A61B-7DACFE00DDF4}.Release|Any CPU.Build.0 = Release|Any CPU
		{7848B896-770E-409A-9082-397E27E8CB74}.Debug|Any CPU.ActiveCfg = Debug|Any CPU
		{7848B896-770E-409A-9082-397E27E8CB74}.Debug|Any CPU.Build.0 = Debug|Any CPU
		{7848B896-770E-409A-9082-397E27E8CB74}.Release|Any CPU.ActiveCfg = Release|Any CPU
		{7848B896-770E-409A-9082-397E27E8CB74}.Release|Any CPU.Build.0 = Release|Any CPU
		{1CDD131E-D1BB-4FC0-87C3-CB001F54C8F3}.Debug|Any CPU.ActiveCfg = Debug|Any CPU
		{1CDD131E-D1BB-4FC0-87C3-CB001F54C8F3}.Debug|Any CPU.Build.0 = Debug|Any CPU
		{1CDD131E-D1BB-4FC0-87C3-CB001F54C8F3}.Release|Any CPU.ActiveCfg = Release|Any CPU
		{1CDD131E-D1BB-4FC0-87C3-CB001F54C8F3}.Release|Any CPU.Build.0 = Release|Any CPU
		{7406AE9A-C1D6-4371-BA81-07F6EACDD0FA}.Debug|Any CPU.ActiveCfg = Debug|Any CPU
		{7406AE9A-C1D6-4371-BA81-07F6EACDD0FA}.Debug|Any CPU.Build.0 = Debug|Any CPU
		{7406AE9A-C1D6-4371-BA81-07F6EACDD0FA}.Release|Any CPU.ActiveCfg = Release|Any CPU
		{7406AE9A-C1D6-4371-BA81-07F6EACDD0FA}.Release|Any CPU.Build.0 = Release|Any CPU
		{1A1E2934-2037-4DB3-BCC4-742AA65C1546}.Debug|Any CPU.ActiveCfg = Debug|Any CPU
		{1A1E2934-2037-4DB3-BCC4-742AA65C1546}.Debug|Any CPU.Build.0 = Debug|Any CPU
		{1A1E2934-2037-4DB3-BCC4-742AA65C1546}.Release|Any CPU.ActiveCfg = Release|Any CPU
		{1A1E2934-2037-4DB3-BCC4-742AA65C1546}.Release|Any CPU.Build.0 = Release|Any CPU
		{320D9B59-294D-447F-89F6-2607B534618B}.Debug|Any CPU.ActiveCfg = Debug|Any CPU
		{320D9B59-294D-447F-89F6-2607B534618B}.Debug|Any CPU.Build.0 = Debug|Any CPU
		{320D9B59-294D-447F-89F6-2607B534618B}.Release|Any CPU.ActiveCfg = Release|Any CPU
		{320D9B59-294D-447F-89F6-2607B534618B}.Release|Any CPU.Build.0 = Release|Any CPU
		{24E7A50B-DFEE-47B1-9E6C-7227B995ADB9}.Debug|Any CPU.ActiveCfg = Debug|Any CPU
		{24E7A50B-DFEE-47B1-9E6C-7227B995ADB9}.Debug|Any CPU.Build.0 = Debug|Any CPU
		{24E7A50B-DFEE-47B1-9E6C-7227B995ADB9}.Release|Any CPU.ActiveCfg = Release|Any CPU
		{24E7A50B-DFEE-47B1-9E6C-7227B995ADB9}.Release|Any CPU.Build.0 = Release|Any CPU
	EndGlobalSection
	GlobalSection(SolutionProperties) = preSolution
		HideSolutionNode = FALSE
	EndGlobalSection
	GlobalSection(NestedProjects) = preSolution
		{EF8C5E9D-FB1E-42E0-AAE2-8DAD821CD3E4} = {8E202093-B891-44CB-92E2-C7E6BA0898D4}
		{C3E372F2-0D90-446D-8B46-A03169F19B2B} = {EF8C5E9D-FB1E-42E0-AAE2-8DAD821CD3E4}
		{22A449F5-AED5-4024-B8DD-9232BDF5AE6E} = {8E202093-B891-44CB-92E2-C7E6BA0898D4}
		{EF9A2293-ED61-4BF0-AD99-FA973E892C0C} = {22A449F5-AED5-4024-B8DD-9232BDF5AE6E}
		{62CAEB50-47AF-41A6-851F-7848F1ABF0A3} = {22A449F5-AED5-4024-B8DD-9232BDF5AE6E}
		{A1FB68C9-D9B2-4BC0-9855-3F29FDA3153D} = {8E202093-B891-44CB-92E2-C7E6BA0898D4}
		{EE3B8528-7B37-4C2C-BB66-3276F92C37E0} = {A1FB68C9-D9B2-4BC0-9855-3F29FDA3153D}
		{83980350-928D-4FE4-A61B-7DACFE00DDF4} = {A1FB68C9-D9B2-4BC0-9855-3F29FDA3153D}
		{E413BD3D-4089-4E92-90F6-04FB36FAA790} = {4B6E7186-A62D-4008-B55B-6399ED90194B}
		{7406AE9A-C1D6-4371-BA81-07F6EACDD0FA} = {E413BD3D-4089-4E92-90F6-04FB36FAA790}
		{F635E28B-E6BA-4B25-ABD7-012D20C7876F} = {4B6E7186-A62D-4008-B55B-6399ED90194B}
		{1A1E2934-2037-4DB3-BCC4-742AA65C1546} = {F635E28B-E6BA-4B25-ABD7-012D20C7876F}
		{320D9B59-294D-447F-89F6-2607B534618B} = {F635E28B-E6BA-4B25-ABD7-012D20C7876F}
		{A4DF2559-4051-4A5F-B585-9CE1D6488F9B} = {4B6E7186-A62D-4008-B55B-6399ED90194B}
		{24E7A50B-DFEE-47B1-9E6C-7227B995ADB9} = {A4DF2559-4051-4A5F-B585-9CE1D6488F9B}
	EndGlobalSection
	GlobalSection(ExtensibilityGlobals) = postSolution
		SolutionGuid = {18E81872-4FDE-4E7B-9770-E6622BC06217}
	EndGlobalSection
EndGlobal
